
Microsoft Visual Studio Solution File, Format Version 12.00
# Visual Studio Version 17
VisualStudioVersion = 17.3.32825.248
MinimumVisualStudioVersion = 10.0.40219.1
Project("{9A19103F-16F7-4668-BE54-9A1E7A4F7556}") = "Entities", "Entities\Entities.csproj", "{2E2A131B-388F-4EEC-BC2D-5E5033933234}"
EndProject
Project("{9A19103F-16F7-4668-BE54-9A1E7A4F7556}") = "Contracts", "Contracts\Contracts.csproj", "{0176BAB6-718F-47D0-BDDF-6093BE3CCEB0}"
EndProject
Project("{9A19103F-16F7-4668-BE54-9A1E7A4F7556}") = "Repository", "Repository\Repository.csproj", "{698C3F86-9779-4249-8A92-E0BBBFA97B8A}"
EndProject
Project("{9A19103F-16F7-4668-BE54-9A1E7A4F7556}") = "FeedbackPlatform", "FeedbackPlatform\FeedbackPlatform.csproj", "{8596B9E1-B985-4A50-AFE4-30B6DF3F5BCA}"
EndProject
Project("{9A19103F-16F7-4668-BE54-9A1E7A4F7556}") = "Service", "Service\Service.csproj", "{392C99C2-0DC2-4E93-BC56-68A7587BEB8D}"
EndProject
Project("{E53339B2-1760-4266-BCC7-CA923CBCF16C}") = "docker-compose", "docker-compose.dcproj", "{7F44A825-AFB9-4794-9078-A425C71AD946}"
EndProject
Global
	GlobalSection(SolutionConfigurationPlatforms) = preSolution
		Debug|Any CPU = Debug|Any CPU
		Release|Any CPU = Release|Any CPU
	EndGlobalSection
	GlobalSection(ProjectConfigurationPlatforms) = postSolution
		{2E2A131B-388F-4EEC-BC2D-5E5033933234}.Debug|Any CPU.ActiveCfg = Debug|Any CPU
		{2E2A131B-388F-4EEC-BC2D-5E5033933234}.Debug|Any CPU.Build.0 = Debug|Any CPU
		{2E2A131B-388F-4EEC-BC2D-5E5033933234}.Release|Any CPU.ActiveCfg = Release|Any CPU
		{2E2A131B-388F-4EEC-BC2D-5E5033933234}.Release|Any CPU.Build.0 = Release|Any CPU
		{0176BAB6-718F-47D0-BDDF-6093BE3CCEB0}.Debug|Any CPU.ActiveCfg = Debug|Any CPU
		{0176BAB6-718F-47D0-BDDF-6093BE3CCEB0}.Debug|Any CPU.Build.0 = Debug|Any CPU
		{0176BAB6-718F-47D0-BDDF-6093BE3CCEB0}.Release|Any CPU.ActiveCfg = Release|Any CPU
		{0176BAB6-718F-47D0-BDDF-6093BE3CCEB0}.Release|Any CPU.Build.0 = Release|Any CPU
		{698C3F86-9779-4249-8A92-E0BBBFA97B8A}.Debug|Any CPU.ActiveCfg = Debug|Any CPU
		{698C3F86-9779-4249-8A92-E0BBBFA97B8A}.Debug|Any CPU.Build.0 = Debug|Any CPU
		{698C3F86-9779-4249-8A92-E0BBBFA97B8A}.Release|Any CPU.ActiveCfg = Release|Any CPU
		{698C3F86-9779-4249-8A92-E0BBBFA97B8A}.Release|Any CPU.Build.0 = Release|Any CPU
		{8596B9E1-B985-4A50-AFE4-30B6DF3F5BCA}.Debug|Any CPU.ActiveCfg = Debug|Any CPU
		{8596B9E1-B985-4A50-AFE4-30B6DF3F5BCA}.Debug|Any CPU.Build.0 = Debug|Any CPU
		{8596B9E1-B985-4A50-AFE4-30B6DF3F5BCA}.Release|Any CPU.ActiveCfg = Release|Any CPU
		{8596B9E1-B985-4A50-AFE4-30B6DF3F5BCA}.Release|Any CPU.Build.0 = Release|Any CPU
		{392C99C2-0DC2-4E93-BC56-68A7587BEB8D}.Debug|Any CPU.ActiveCfg = Debug|Any CPU
		{392C99C2-0DC2-4E93-BC56-68A7587BEB8D}.Debug|Any CPU.Build.0 = Debug|Any CPU
		{392C99C2-0DC2-4E93-BC56-68A7587BEB8D}.Release|Any CPU.ActiveCfg = Release|Any CPU
		{392C99C2-0DC2-4E93-BC56-68A7587BEB8D}.Release|Any CPU.Build.0 = Release|Any CPU
		{7F44A825-AFB9-4794-9078-A425C71AD946}.Debug|Any CPU.ActiveCfg = Debug|Any CPU
		{7F44A825-AFB9-4794-9078-A425C71AD946}.Debug|Any CPU.Build.0 = Debug|Any CPU
		{7F44A825-AFB9-4794-9078-A425C71AD946}.Release|Any CPU.ActiveCfg = Release|Any CPU
		{7F44A825-AFB9-4794-9078-A425C71AD946}.Release|Any CPU.Build.0 = Release|Any CPU
	EndGlobalSection
	GlobalSection(SolutionProperties) = preSolution
		HideSolutionNode = FALSE
	EndGlobalSection
	GlobalSection(ExtensibilityGlobals) = postSolution
		SolutionGuid = {860E99C3-111A-40ED-A12D-1C0E83A94146}
	EndGlobalSection
EndGlobal
