
Microsoft Visual Studio Solution File, Format Version 12.00
# Visual Studio Version 17
VisualStudioVersion = 17.3.32825.248
MinimumVisualStudioVersion = 10.0.40219.1
Project("{9A19103F-16F7-4668-BE54-9A1E7A4F7556}") = "FeedbackPlatform", "FeedbackPlatform\FeedbackPlatform.csproj", "{6B391C8B-8619-4584-A005-9262A2C6710F}"
EndProject
Project("{9A19103F-16F7-4668-BE54-9A1E7A4F7556}") = "Entities", "Entities\Entities.csproj", "{2E2A131B-388F-4EEC-BC2D-5E5033933234}"
EndProject
Project("{9A19103F-16F7-4668-BE54-9A1E7A4F7556}") = "Repository", "Repository\Repository.csproj", "{C502EC44-1892-45D6-8541-8B304A37F79C}"
EndProject
Project("{9A19103F-16F7-4668-BE54-9A1E7A4F7556}") = "Contracts", "Contracts\Contracts.csproj", "{DC8418BC-9870-42E8-92BA-7AA21E9C4CEA}"
EndProject
Project("{9A19103F-16F7-4668-BE54-9A1E7A4F7556}") = "Service", "Service\Service.csproj", "{D8C8BD2E-02F3-40C4-8985-22C77365A96F}"
EndProject
Global
	GlobalSection(SolutionConfigurationPlatforms) = preSolution
		Debug|Any CPU = Debug|Any CPU
		Release|Any CPU = Release|Any CPU
	EndGlobalSection
	GlobalSection(ProjectConfigurationPlatforms) = postSolution
		{6B391C8B-8619-4584-A005-9262A2C6710F}.Debug|Any CPU.ActiveCfg = Debug|Any CPU
		{6B391C8B-8619-4584-A005-9262A2C6710F}.Debug|Any CPU.Build.0 = Debug|Any CPU
		{6B391C8B-8619-4584-A005-9262A2C6710F}.Release|Any CPU.ActiveCfg = Release|Any CPU
		{6B391C8B-8619-4584-A005-9262A2C6710F}.Release|Any CPU.Build.0 = Release|Any CPU
		{2E2A131B-388F-4EEC-BC2D-5E5033933234}.Debug|Any CPU.ActiveCfg = Debug|Any CPU
		{2E2A131B-388F-4EEC-BC2D-5E5033933234}.Debug|Any CPU.Build.0 = Debug|Any CPU
		{2E2A131B-388F-4EEC-BC2D-5E5033933234}.Release|Any CPU.ActiveCfg = Release|Any CPU
		{2E2A131B-388F-4EEC-BC2D-5E5033933234}.Release|Any CPU.Build.0 = Release|Any CPU
		{C502EC44-1892-45D6-8541-8B304A37F79C}.Debug|Any CPU.ActiveCfg = Debug|Any CPU
		{C502EC44-1892-45D6-8541-8B304A37F79C}.Debug|Any CPU.Build.0 = Debug|Any CPU
		{C502EC44-1892-45D6-8541-8B304A37F79C}.Release|Any CPU.ActiveCfg = Release|Any CPU
		{C502EC44-1892-45D6-8541-8B304A37F79C}.Release|Any CPU.Build.0 = Release|Any CPU
		{DC8418BC-9870-42E8-92BA-7AA21E9C4CEA}.Debug|Any CPU.ActiveCfg = Debug|Any CPU
		{DC8418BC-9870-42E8-92BA-7AA21E9C4CEA}.Debug|Any CPU.Build.0 = Debug|Any CPU
		{DC8418BC-9870-42E8-92BA-7AA21E9C4CEA}.Release|Any CPU.ActiveCfg = Release|Any CPU
		{DC8418BC-9870-42E8-92BA-7AA21E9C4CEA}.Release|Any CPU.Build.0 = Release|Any CPU
		{D8C8BD2E-02F3-40C4-8985-22C77365A96F}.Debug|Any CPU.ActiveCfg = Debug|Any CPU
		{D8C8BD2E-02F3-40C4-8985-22C77365A96F}.Debug|Any CPU.Build.0 = Debug|Any CPU
		{D8C8BD2E-02F3-40C4-8985-22C77365A96F}.Release|Any CPU.ActiveCfg = Release|Any CPU
		{D8C8BD2E-02F3-40C4-8985-22C77365A96F}.Release|Any CPU.Build.0 = Release|Any CPU
	EndGlobalSection
	GlobalSection(SolutionProperties) = preSolution
		HideSolutionNode = FALSE
	EndGlobalSection
	GlobalSection(ExtensibilityGlobals) = postSolution
		SolutionGuid = {860E99C3-111A-40ED-A12D-1C0E83A94146}
	EndGlobalSection
EndGlobal
